// !$*UTF8*$!
{
	archiveVersion = 1;
	classes = {
	};
	objectVersion = 50;
	objects = {

/* Begin PBXBuildFile section */
		2674C859247B03E2002423BA /* AppDelegate.swift in Sources */ = {isa = PBXBuildFile; fileRef = 2674C858247B03E2002423BA /* AppDelegate.swift */; };
		2674C85B247B03E2002423BA /* SceneDelegate.swift in Sources */ = {isa = PBXBuildFile; fileRef = 2674C85A247B03E2002423BA /* SceneDelegate.swift */; };
		2674C85D247B03E2002423BA /* LoginViewController.swift in Sources */ = {isa = PBXBuildFile; fileRef = 2674C85C247B03E2002423BA /* LoginViewController.swift */; };
		2674C860247B03E2002423BA /* Main.storyboard in Resources */ = {isa = PBXBuildFile; fileRef = 2674C85E247B03E2002423BA /* Main.storyboard */; };
		2674C862247B03E7002423BA /* Assets.xcassets in Resources */ = {isa = PBXBuildFile; fileRef = 2674C861247B03E7002423BA /* Assets.xcassets */; };
		2674C865247B03E7002423BA /* LaunchScreen.storyboard in Resources */ = {isa = PBXBuildFile; fileRef = 2674C863247B03E7002423BA /* LaunchScreen.storyboard */; };
		2674C870247B0D8E002423BA /* MapClient.swift in Sources */ = {isa = PBXBuildFile; fileRef = 2674C86F247B0D8E002423BA /* MapClient.swift */; };
		2674C874247B19D4002423BA /* LoginRequest.swift in Sources */ = {isa = PBXBuildFile; fileRef = 2674C873247B19D4002423BA /* LoginRequest.swift */; };
		2674C877247B1C57002423BA /* ErrorResponse.swift in Sources */ = {isa = PBXBuildFile; fileRef = 2674C876247B1C57002423BA /* ErrorResponse.swift */; };
		2674C879247B1D9E002423BA /* LoginResponse.swift in Sources */ = {isa = PBXBuildFile; fileRef = 2674C878247B1D9E002423BA /* LoginResponse.swift */; };
		2674C87B247B31D8002423BA /* UIViewController+Extension.swift in Sources */ = {isa = PBXBuildFile; fileRef = 2674C87A247B31D8002423BA /* UIViewController+Extension.swift */; };
		2674C87D247B33D5002423BA /* MapViewController.swift in Sources */ = {isa = PBXBuildFile; fileRef = 2674C87C247B33D5002423BA /* MapViewController.swift */; };
		2674C87F247B3402002423BA /* LocationViewController.swift in Sources */ = {isa = PBXBuildFile; fileRef = 2674C87E247B3402002423BA /* LocationViewController.swift */; };
		2674C881247B4155002423BA /* StudentLocationResponse.swift in Sources */ = {isa = PBXBuildFile; fileRef = 2674C880247B4155002423BA /* StudentLocationResponse.swift */; };
		2674C883247B4195002423BA /* StudentInformation.swift in Sources */ = {isa = PBXBuildFile; fileRef = 2674C882247B4195002423BA /* StudentInformation.swift */; };
		2674C886247B4459002423BA /* StudentLocationModel.swift in Sources */ = {isa = PBXBuildFile; fileRef = 2674C885247B4459002423BA /* StudentLocationModel.swift */; };
		2674C888247B6603002423BA /* AddLocationViewController.swift in Sources */ = {isa = PBXBuildFile; fileRef = 2674C887247B6603002423BA /* AddLocationViewController.swift */; };
		2674C88A247B763F002423BA /* UserResponse.swift in Sources */ = {isa = PBXBuildFile; fileRef = 2674C889247B763F002423BA /* UserResponse.swift */; };
		2674C88C247B82DD002423BA /* LocationRequest.swift in Sources */ = {isa = PBXBuildFile; fileRef = 2674C88B247B82DD002423BA /* LocationRequest.swift */; };
		2674C890247B8729002423BA /* ViewLocationViewController.swift in Sources */ = {isa = PBXBuildFile; fileRef = 2674C88F247B8729002423BA /* ViewLocationViewController.swift */; };
		26C4832E247BB47300F5802F /* LocationResponse.swift in Sources */ = {isa = PBXBuildFile; fileRef = 26C4832D247BB47300F5802F /* LocationResponse.swift */; };
/* End PBXBuildFile section */

/* Begin PBXFileReference section */
		2674C855247B03E2002423BA /* FriendsOnTheMap.app */ = {isa = PBXFileReference; explicitFileType = wrapper.application; includeInIndex = 0; path = FriendsOnTheMap.app; sourceTree = BUILT_PRODUCTS_DIR; };
		2674C858247B03E2002423BA /* AppDelegate.swift */ = {isa = PBXFileReference; lastKnownFileType = sourcecode.swift; path = AppDelegate.swift; sourceTree = "<group>"; };
		2674C85A247B03E2002423BA /* SceneDelegate.swift */ = {isa = PBXFileReference; lastKnownFileType = sourcecode.swift; path = SceneDelegate.swift; sourceTree = "<group>"; };
		2674C85C247B03E2002423BA /* LoginViewController.swift */ = {isa = PBXFileReference; lastKnownFileType = sourcecode.swift; path = LoginViewController.swift; sourceTree = "<group>"; };
		2674C85F247B03E2002423BA /* Base */ = {isa = PBXFileReference; lastKnownFileType = file.storyboard; name = Base; path = Base.lproj/Main.storyboard; sourceTree = "<group>"; };
		2674C861247B03E7002423BA /* Assets.xcassets */ = {isa = PBXFileReference; lastKnownFileType = folder.assetcatalog; path = Assets.xcassets; sourceTree = "<group>"; };
		2674C864247B03E7002423BA /* Base */ = {isa = PBXFileReference; lastKnownFileType = file.storyboard; name = Base; path = Base.lproj/LaunchScreen.storyboard; sourceTree = "<group>"; };
		2674C866247B03E7002423BA /* Info.plist */ = {isa = PBXFileReference; lastKnownFileType = text.plist.xml; path = Info.plist; sourceTree = "<group>"; };
		2674C86F247B0D8E002423BA /* MapClient.swift */ = {isa = PBXFileReference; lastKnownFileType = sourcecode.swift; path = MapClient.swift; sourceTree = "<group>"; };
		2674C873247B19D4002423BA /* LoginRequest.swift */ = {isa = PBXFileReference; lastKnownFileType = sourcecode.swift; path = LoginRequest.swift; sourceTree = "<group>"; };
		2674C876247B1C57002423BA /* ErrorResponse.swift */ = {isa = PBXFileReference; lastKnownFileType = sourcecode.swift; path = ErrorResponse.swift; sourceTree = "<group>"; };
		2674C878247B1D9E002423BA /* LoginResponse.swift */ = {isa = PBXFileReference; lastKnownFileType = sourcecode.swift; path = LoginResponse.swift; sourceTree = "<group>"; };
		2674C87A247B31D8002423BA /* UIViewController+Extension.swift */ = {isa = PBXFileReference; lastKnownFileType = sourcecode.swift; path = "UIViewController+Extension.swift"; sourceTree = "<group>"; };
		2674C87C247B33D5002423BA /* MapViewController.swift */ = {isa = PBXFileReference; lastKnownFileType = sourcecode.swift; path = MapViewController.swift; sourceTree = "<group>"; };
		2674C87E247B3402002423BA /* LocationViewController.swift */ = {isa = PBXFileReference; lastKnownFileType = sourcecode.swift; path = LocationViewController.swift; sourceTree = "<group>"; };
		2674C880247B4155002423BA /* StudentLocationResponse.swift */ = {isa = PBXFileReference; lastKnownFileType = sourcecode.swift; path = StudentLocationResponse.swift; sourceTree = "<group>"; };
		2674C882247B4195002423BA /* StudentInformation.swift */ = {isa = PBXFileReference; lastKnownFileType = sourcecode.swift; path = StudentInformation.swift; sourceTree = "<group>"; };
		2674C885247B4459002423BA /* StudentLocationModel.swift */ = {isa = PBXFileReference; lastKnownFileType = sourcecode.swift; path = StudentLocationModel.swift; sourceTree = "<group>"; };
		2674C887247B6603002423BA /* AddLocationViewController.swift */ = {isa = PBXFileReference; lastKnownFileType = sourcecode.swift; path = AddLocationViewController.swift; sourceTree = "<group>"; };
		2674C889247B763F002423BA /* UserResponse.swift */ = {isa = PBXFileReference; lastKnownFileType = sourcecode.swift; path = UserResponse.swift; sourceTree = "<group>"; };
		2674C88B247B82DD002423BA /* LocationRequest.swift */ = {isa = PBXFileReference; lastKnownFileType = sourcecode.swift; path = LocationRequest.swift; sourceTree = "<group>"; };
		2674C88F247B8729002423BA /* ViewLocationViewController.swift */ = {isa = PBXFileReference; lastKnownFileType = sourcecode.swift; path = ViewLocationViewController.swift; sourceTree = "<group>"; };
		26C4832D247BB47300F5802F /* LocationResponse.swift */ = {isa = PBXFileReference; lastKnownFileType = sourcecode.swift; path = LocationResponse.swift; sourceTree = "<group>"; };
/* End PBXFileReference section */

/* Begin PBXFrameworksBuildPhase section */
		2674C852247B03E2002423BA /* Frameworks */ = {
			isa = PBXFrameworksBuildPhase;
			buildActionMask = 2147483647;
			files = (
			);
			runOnlyForDeploymentPostprocessing = 0;
		};
/* End PBXFrameworksBuildPhase section */

/* Begin PBXGroup section */
		2674C84C247B03E2002423BA = {
			isa = PBXGroup;
			children = (
				2674C857247B03E2002423BA /* FriendsOnTheMap */,
				2674C856247B03E2002423BA /* Products */,
				2674C858247B03E2002423BA /* AppDelegate.swift */,
			);
			sourceTree = "<group>";
		};
		2674C856247B03E2002423BA /* Products */ = {
			isa = PBXGroup;
			children = (
				2674C855247B03E2002423BA /* FriendsOnTheMap.app */,
			);
			name = Products;
			sourceTree = "<group>";
		};
		2674C857247B03E2002423BA /* FriendsOnTheMap */ = {
			isa = PBXGroup;
			children = (
				2674C86E247B04F8002423BA /* Model */,
				2674C86C247B044E002423BA /* Controller */,
				2674C86D247B046A002423BA /* Assets */,
				2674C85A247B03E2002423BA /* SceneDelegate.swift */,
				2674C866247B03E7002423BA /* Info.plist */,
			);
			path = FriendsOnTheMap;
			sourceTree = "<group>";
		};
		2674C86C247B044E002423BA /* Controller */ = {
			isa = PBXGroup;
			children = (
				2674C85C247B03E2002423BA /* LoginViewController.swift */,
				2674C87C247B33D5002423BA /* MapViewController.swift */,
				2674C87E247B3402002423BA /* LocationViewController.swift */,
				2674C887247B6603002423BA /* AddLocationViewController.swift */,
				2674C88F247B8729002423BA /* ViewLocationViewController.swift */,
				2674C87A247B31D8002423BA /* UIViewController+Extension.swift */,
			);
			path = Controller;
			sourceTree = "<group>";
		};
		2674C86D247B046A002423BA /* Assets */ = {
			isa = PBXGroup;
			children = (
				2674C85E247B03E2002423BA /* Main.storyboard */,
				2674C861247B03E7002423BA /* Assets.xcassets */,
				2674C863247B03E7002423BA /* LaunchScreen.storyboard */,
			);
			path = Assets;
			sourceTree = "<group>";
		};
		2674C86E247B04F8002423BA /* Model */ = {
			isa = PBXGroup;
			children = (
				2674C884247B444D002423BA /* Data */,
				2674C871247B1541002423BA /* Client */,
				2674C872247B19B6002423BA /* Requests */,
				2674C875247B1C18002423BA /* Responses */,
			);
			path = Model;
			sourceTree = "<group>";
		};
		2674C871247B1541002423BA /* Client */ = {
			isa = PBXGroup;
			children = (
				2674C86F247B0D8E002423BA /* MapClient.swift */,
			);
			path = Client;
			sourceTree = "<group>";
		};
		2674C872247B19B6002423BA /* Requests */ = {
			isa = PBXGroup;
			children = (
				2674C873247B19D4002423BA /* LoginRequest.swift */,
				2674C88B247B82DD002423BA /* LocationRequest.swift */,
			);
			path = Requests;
			sourceTree = "<group>";
		};
		2674C875247B1C18002423BA /* Responses */ = {
			isa = PBXGroup;
			children = (
				2674C876247B1C57002423BA /* ErrorResponse.swift */,
				2674C878247B1D9E002423BA /* LoginResponse.swift */,
				2674C880247B4155002423BA /* StudentLocationResponse.swift */,
				2674C882247B4195002423BA /* StudentInformation.swift */,
				2674C889247B763F002423BA /* UserResponse.swift */,
				26C4832D247BB47300F5802F /* LocationResponse.swift */,
			);
			path = Responses;
			sourceTree = "<group>";
		};
		2674C884247B444D002423BA /* Data */ = {
			isa = PBXGroup;
			children = (
				2674C885247B4459002423BA /* StudentLocationModel.swift */,
			);
			path = Data;
			sourceTree = "<group>";
		};
/* End PBXGroup section */

/* Begin PBXNativeTarget section */
		2674C854247B03E2002423BA /* FriendsOnTheMap */ = {
			isa = PBXNativeTarget;
			buildConfigurationList = 2674C869247B03E7002423BA /* Build configuration list for PBXNativeTarget "FriendsOnTheMap" */;
			buildPhases = (
				2674C851247B03E2002423BA /* Sources */,
				2674C852247B03E2002423BA /* Frameworks */,
				2674C853247B03E2002423BA /* Resources */,
			);
			buildRules = (
			);
			dependencies = (
			);
			name = FriendsOnTheMap;
			productName = FriendsOnTheMap;
			productReference = 2674C855247B03E2002423BA /* FriendsOnTheMap.app */;
			productType = "com.apple.product-type.application";
		};
/* End PBXNativeTarget section */

/* Begin PBXProject section */
		2674C84D247B03E2002423BA /* Project object */ = {
			isa = PBXProject;
			attributes = {
				LastSwiftUpdateCheck = 1150;
				LastUpgradeCheck = 1150;
				ORGANIZATIONNAME = Vanessa;
				TargetAttributes = {
					2674C854247B03E2002423BA = {
						CreatedOnToolsVersion = 11.5;
					};
				};
			};
			buildConfigurationList = 2674C850247B03E2002423BA /* Build configuration list for PBXProject "FriendsOnTheMap" */;
			compatibilityVersion = "Xcode 9.3";
			developmentRegion = en;
			hasScannedForEncodings = 0;
			knownRegions = (
				en,
				Base,
			);
			mainGroup = 2674C84C247B03E2002423BA;
			productRefGroup = 2674C856247B03E2002423BA /* Products */;
			projectDirPath = "";
			projectRoot = "";
			targets = (
				2674C854247B03E2002423BA /* FriendsOnTheMap */,
			);
		};
/* End PBXProject section */

/* Begin PBXResourcesBuildPhase section */
		2674C853247B03E2002423BA /* Resources */ = {
			isa = PBXResourcesBuildPhase;
			buildActionMask = 2147483647;
			files = (
				2674C865247B03E7002423BA /* LaunchScreen.storyboard in Resources */,
				2674C862247B03E7002423BA /* Assets.xcassets in Resources */,
				2674C860247B03E2002423BA /* Main.storyboard in Resources */,
			);
			runOnlyForDeploymentPostprocessing = 0;
		};
/* End PBXResourcesBuildPhase section */

/* Begin PBXSourcesBuildPhase section */
		2674C851247B03E2002423BA /* Sources */ = {
			isa = PBXSourcesBuildPhase;
			buildActionMask = 2147483647;
			files = (
				2674C883247B4195002423BA /* StudentInformation.swift in Sources */,
				2674C87B247B31D8002423BA /* UIViewController+Extension.swift in Sources */,
				2674C88C247B82DD002423BA /* LocationRequest.swift in Sources */,
				2674C85D247B03E2002423BA /* LoginViewController.swift in Sources */,
				2674C890247B8729002423BA /* ViewLocationViewController.swift in Sources */,
				26C4832E247BB47300F5802F /* LocationResponse.swift in Sources */,
				2674C888247B6603002423BA /* AddLocationViewController.swift in Sources */,
				2674C859247B03E2002423BA /* AppDelegate.swift in Sources */,
				2674C88A247B763F002423BA /* UserResponse.swift in Sources */,
				2674C881247B4155002423BA /* StudentLocationResponse.swift in Sources */,
				2674C85B247B03E2002423BA /* SceneDelegate.swift in Sources */,
				2674C886247B4459002423BA /* StudentLocationModel.swift in Sources */,
				2674C87D247B33D5002423BA /* MapViewController.swift in Sources */,
				2674C87F247B3402002423BA /* LocationViewController.swift in Sources */,
				2674C877247B1C57002423BA /* ErrorResponse.swift in Sources */,
				2674C874247B19D4002423BA /* LoginRequest.swift in Sources */,
				2674C870247B0D8E002423BA /* MapClient.swift in Sources */,
				2674C879247B1D9E002423BA /* LoginResponse.swift in Sources */,
			);
			runOnlyForDeploymentPostprocessing = 0;
		};
/* End PBXSourcesBuildPhase section */

/* Begin PBXVariantGroup section */
		2674C85E247B03E2002423BA /* Main.storyboard */ = {
			isa = PBXVariantGroup;
			children = (
				2674C85F247B03E2002423BA /* Base */,
			);
			name = Main.storyboard;
			sourceTree = "<group>";
		};
		2674C863247B03E7002423BA /* LaunchScreen.storyboard */ = {
			isa = PBXVariantGroup;
			children = (
				2674C864247B03E7002423BA /* Base */,
			);
			name = LaunchScreen.storyboard;
			sourceTree = "<group>";
		};
/* End PBXVariantGroup section */

/* Begin XCBuildConfiguration section */
		2674C867247B03E7002423BA /* Debug */ = {
			isa = XCBuildConfiguration;
			buildSettings = {
				ALWAYS_SEARCH_USER_PATHS = NO;
				CLANG_ANALYZER_NONNULL = YES;
				CLANG_ANALYZER_NUMBER_OBJECT_CONVERSION = YES_AGGRESSIVE;
				CLANG_CXX_LANGUAGE_STANDARD = "gnu++14";
				CLANG_CXX_LIBRARY = "libc++";
				CLANG_ENABLE_MODULES = YES;
				CLANG_ENABLE_OBJC_ARC = YES;
				CLANG_ENABLE_OBJC_WEAK = YES;
				CLANG_WARN_BLOCK_CAPTURE_AUTORELEASING = YES;
				CLANG_WARN_BOOL_CONVERSION = YES;
				CLANG_WARN_COMMA = YES;
				CLANG_WARN_CONSTANT_CONVERSION = YES;
				CLANG_WARN_DEPRECATED_OBJC_IMPLEMENTATIONS = YES;
				CLANG_WARN_DIRECT_OBJC_ISA_USAGE = YES_ERROR;
				CLANG_WARN_DOCUMENTATION_COMMENTS = YES;
				CLANG_WARN_EMPTY_BODY = YES;
				CLANG_WARN_ENUM_CONVERSION = YES;
				CLANG_WARN_INFINITE_RECURSION = YES;
				CLANG_WARN_INT_CONVERSION = YES;
				CLANG_WARN_NON_LITERAL_NULL_CONVERSION = YES;
				CLANG_WARN_OBJC_IMPLICIT_RETAIN_SELF = YES;
				CLANG_WARN_OBJC_LITERAL_CONVERSION = YES;
				CLANG_WARN_OBJC_ROOT_CLASS = YES_ERROR;
				CLANG_WARN_RANGE_LOOP_ANALYSIS = YES;
				CLANG_WARN_STRICT_PROTOTYPES = YES;
				CLANG_WARN_SUSPICIOUS_MOVE = YES;
				CLANG_WARN_UNGUARDED_AVAILABILITY = YES_AGGRESSIVE;
				CLANG_WARN_UNREACHABLE_CODE = YES;
				CLANG_WARN__DUPLICATE_METHOD_MATCH = YES;
				COPY_PHASE_STRIP = NO;
				DEBUG_INFORMATION_FORMAT = dwarf;
				ENABLE_STRICT_OBJC_MSGSEND = YES;
				ENABLE_TESTABILITY = YES;
				GCC_C_LANGUAGE_STANDARD = gnu11;
				GCC_DYNAMIC_NO_PIC = NO;
				GCC_NO_COMMON_BLOCKS = YES;
				GCC_OPTIMIZATION_LEVEL = 0;
				GCC_PREPROCESSOR_DEFINITIONS = (
					"DEBUG=1",
					"$(inherited)",
				);
				GCC_WARN_64_TO_32_BIT_CONVERSION = YES;
				GCC_WARN_ABOUT_RETURN_TYPE = YES_ERROR;
				GCC_WARN_UNDECLARED_SELECTOR = YES;
				GCC_WARN_UNINITIALIZED_AUTOS = YES_AGGRESSIVE;
				GCC_WARN_UNUSED_FUNCTION = YES;
				GCC_WARN_UNUSED_VARIABLE = YES;
				IPHONEOS_DEPLOYMENT_TARGET = 13.5;
				MTL_ENABLE_DEBUG_INFO = INCLUDE_SOURCE;
				MTL_FAST_MATH = YES;
				ONLY_ACTIVE_ARCH = YES;
				SDKROOT = iphoneos;
				SWIFT_ACTIVE_COMPILATION_CONDITIONS = DEBUG;
				SWIFT_OPTIMIZATION_LEVEL = "-Onone";
			};
			name = Debug;
		};
		2674C868247B03E7002423BA /* Release */ = {
			isa = XCBuildConfiguration;
			buildSettings = {
				ALWAYS_SEARCH_USER_PATHS = NO;
				CLANG_ANALYZER_NONNULL = YES;
				CLANG_ANALYZER_NUMBER_OBJECT_CONVERSION = YES_AGGRESSIVE;
				CLANG_CXX_LANGUAGE_STANDARD = "gnu++14";
				CLANG_CXX_LIBRARY = "libc++";
				CLANG_ENABLE_MODULES = YES;
				CLANG_ENABLE_OBJC_ARC = YES;
				CLANG_ENABLE_OBJC_WEAK = YES;
				CLANG_WARN_BLOCK_CAPTURE_AUTORELEASING = YES;
				CLANG_WARN_BOOL_CONVERSION = YES;
				CLANG_WARN_COMMA = YES;
				CLANG_WARN_CONSTANT_CONVERSION = YES;
				CLANG_WARN_DEPRECATED_OBJC_IMPLEMENTATIONS = YES;
				CLANG_WARN_DIRECT_OBJC_ISA_USAGE = YES_ERROR;
				CLANG_WARN_DOCUMENTATION_COMMENTS = YES;
				CLANG_WARN_EMPTY_BODY = YES;
				CLANG_WARN_ENUM_CONVERSION = YES;
				CLANG_WARN_INFINITE_RECURSION = YES;
				CLANG_WARN_INT_CONVERSION = YES;
				CLANG_WARN_NON_LITERAL_NULL_CONVERSION = YES;
				CLANG_WARN_OBJC_IMPLICIT_RETAIN_SELF = YES;
				CLANG_WARN_OBJC_LITERAL_CONVERSION = YES;
				CLANG_WARN_OBJC_ROOT_CLASS = YES_ERROR;
				CLANG_WARN_RANGE_LOOP_ANALYSIS = YES;
				CLANG_WARN_STRICT_PROTOTYPES = YES;
				CLANG_WARN_SUSPICIOUS_MOVE = YES;
				CLANG_WARN_UNGUARDED_AVAILABILITY = YES_AGGRESSIVE;
				CLANG_WARN_UNREACHABLE_CODE = YES;
				CLANG_WARN__DUPLICATE_METHOD_MATCH = YES;
				COPY_PHASE_STRIP = NO;
				DEBUG_INFORMATION_FORMAT = "dwarf-with-dsym";
				ENABLE_NS_ASSERTIONS = NO;
				ENABLE_STRICT_OBJC_MSGSEND = YES;
				GCC_C_LANGUAGE_STANDARD = gnu11;
				GCC_NO_COMMON_BLOCKS = YES;
				GCC_WARN_64_TO_32_BIT_CONVERSION = YES;
				GCC_WARN_ABOUT_RETURN_TYPE = YES_ERROR;
				GCC_WARN_UNDECLARED_SELECTOR = YES;
				GCC_WARN_UNINITIALIZED_AUTOS = YES_AGGRESSIVE;
				GCC_WARN_UNUSED_FUNCTION = YES;
				GCC_WARN_UNUSED_VARIABLE = YES;
				IPHONEOS_DEPLOYMENT_TARGET = 13.5;
				MTL_ENABLE_DEBUG_INFO = NO;
				MTL_FAST_MATH = YES;
				SDKROOT = iphoneos;
				SWIFT_COMPILATION_MODE = wholemodule;
				SWIFT_OPTIMIZATION_LEVEL = "-O";
				VALIDATE_PRODUCT = YES;
			};
			name = Release;
		};
		2674C86A247B03E7002423BA /* Debug */ = {
			isa = XCBuildConfiguration;
			buildSettings = {
				ASSETCATALOG_COMPILER_APPICON_NAME = AppIcon;
				CODE_SIGN_STYLE = Automatic;
				DEVELOPMENT_TEAM = D78RLA5R6C;
				INFOPLIST_FILE = FriendsOnTheMap/Info.plist;
				LD_RUNPATH_SEARCH_PATHS = (
					"$(inherited)",
					"@executable_path/Frameworks",
				);
				PRODUCT_BUNDLE_IDENTIFIER = com.FriendsOnTheMap;
				PRODUCT_NAME = "$(TARGET_NAME)";
				SWIFT_VERSION = 5.0;
				TARGETED_DEVICE_FAMILY = "1,2";
			};
			name = Debug;
		};
		2674C86B247B03E7002423BA /* Release */ = {
			isa = XCBuildConfiguration;
			buildSettings = {
				ASSETCATALOG_COMPILER_APPICON_NAME = AppIcon;
				CODE_SIGN_STYLE = Automatic;
				DEVELOPMENT_TEAM = D78RLA5R6C;
				INFOPLIST_FILE = FriendsOnTheMap/Info.plist;
				LD_RUNPATH_SEARCH_PATHS = (
					"$(inherited)",
					"@executable_path/Frameworks",
				);
				PRODUCT_BUNDLE_IDENTIFIER = com.FriendsOnTheMap;
				PRODUCT_NAME = "$(TARGET_NAME)";
				SWIFT_VERSION = 5.0;
				TARGETED_DEVICE_FAMILY = "1,2";
			};
			name = Release;
		};
/* End XCBuildConfiguration section */

/* Begin XCConfigurationList section */
		2674C850247B03E2002423BA /* Build configuration list for PBXProject "FriendsOnTheMap" */ = {
			isa = XCConfigurationList;
			buildConfigurations = (
				2674C867247B03E7002423BA /* Debug */,
				2674C868247B03E7002423BA /* Release */,
			);
			defaultConfigurationIsVisible = 0;
			defaultConfigurationName = Release;
		};
		2674C869247B03E7002423BA /* Build configuration list for PBXNativeTarget "FriendsOnTheMap" */ = {
			isa = XCConfigurationList;
			buildConfigurations = (
				2674C86A247B03E7002423BA /* Debug */,
				2674C86B247B03E7002423BA /* Release */,
			);
			defaultConfigurationIsVisible = 0;
			defaultConfigurationName = Release;
		};
/* End XCConfigurationList section */
	};
	rootObject = 2674C84D247B03E2002423BA /* Project object */;
}
